
Microsoft Visual Studio Solution File, Format Version 12.00
# Visual Studio Version 17
VisualStudioVersion = 17.5.002.0
MinimumVisualStudioVersion = 10.0.40219.1
Project("{9A19103F-16F7-4668-BE54-9A1E7A4F7556}") = "Palidrome", "Palidrome.csproj", "{55BF593D-054D-444A-8DD7-F466D53CCC31}"
EndProject
Global
	GlobalSection(SolutionConfigurationPlatforms) = preSolution
		Debug|Any CPU = Debug|Any CPU
		Release|Any CPU = Release|Any CPU
	EndGlobalSection
	GlobalSection(ProjectConfigurationPlatforms) = postSolution
		{55BF593D-054D-444A-8DD7-F466D53CCC31}.Debug|Any CPU.ActiveCfg = Debug|Any CPU
		{55BF593D-054D-444A-8DD7-F466D53CCC31}.Debug|Any CPU.Build.0 = Debug|Any CPU
		{55BF593D-054D-444A-8DD7-F466D53CCC31}.Release|Any CPU.ActiveCfg = Release|Any CPU
		{55BF593D-054D-444A-8DD7-F466D53CCC31}.Release|Any CPU.Build.0 = Release|Any CPU
	EndGlobalSection
	GlobalSection(SolutionProperties) = preSolution
		HideSolutionNode = FALSE
	EndGlobalSection
	GlobalSection(ExtensibilityGlobals) = postSolution
		SolutionGuid = {06A95428-639A-46F3-A202-95A9C0E04FF1}
	EndGlobalSection
EndGlobal
